// !$*UTF8*$!
{
	archiveVersion = 1;
	classes = {
	};
	objectVersion = 46;
	objects = {

/* Begin PBXBuildFile section */
		68B0A6891C947F10000751EF /* AppDelegate.swift in Sources */ = {isa = PBXBuildFile; fileRef = 68B0A6881C947F10000751EF /* AppDelegate.swift */; };
		68B0A68E1C947F10000751EF /* Main.storyboard in Resources */ = {isa = PBXBuildFile; fileRef = 68B0A68C1C947F10000751EF /* Main.storyboard */; };
		68B0A6901C947F10000751EF /* Assets.xcassets in Resources */ = {isa = PBXBuildFile; fileRef = 68B0A68F1C947F10000751EF /* Assets.xcassets */; };
		68B0A6931C947F10000751EF /* LaunchScreen.storyboard in Resources */ = {isa = PBXBuildFile; fileRef = 68B0A6911C947F10000751EF /* LaunchScreen.storyboard */; };
		68B0A69B1C947F38000751EF /* PhotosViewController.swift in Sources */ = {isa = PBXBuildFile; fileRef = 68B0A69A1C947F38000751EF /* PhotosViewController.swift */; };
		68B0A6A31C9485AB000751EF /* FlickrAPI.swift in Sources */ = {isa = PBXBuildFile; fileRef = 68B0A6A21C9485AB000751EF /* FlickrAPI.swift */; };
		68B0A6A51C94A3D7000751EF /* PhotoStore.swift in Sources */ = {isa = PBXBuildFile; fileRef = 68B0A6A41C94A3D7000751EF /* PhotoStore.swift */; };
		68B0A6A71C94A7C3000751EF /* Photo.swift in Sources */ = {isa = PBXBuildFile; fileRef = 68B0A6A61C94A7C3000751EF /* Photo.swift */; };
		68B0A6A91C952D96000751EF /* PhotoDataSource.swift in Sources */ = {isa = PBXBuildFile; fileRef = 68B0A6A81C952D96000751EF /* PhotoDataSource.swift */; };
		68B0A6AB1C953A57000751EF /* PhotoCollectionViewCell.swift in Sources */ = {isa = PBXBuildFile; fileRef = 68B0A6AA1C953A57000751EF /* PhotoCollectionViewCell.swift */; };
/* End PBXBuildFile section */

/* Begin PBXFileReference section */
		68B0A6851C947F10000751EF /* Photorama.app */ = {isa = PBXFileReference; explicitFileType = wrapper.application; includeInIndex = 0; path = Photorama.app; sourceTree = BUILT_PRODUCTS_DIR; };
		68B0A6881C947F10000751EF /* AppDelegate.swift */ = {isa = PBXFileReference; lastKnownFileType = sourcecode.swift; path = AppDelegate.swift; sourceTree = "<group>"; };
		68B0A68D1C947F10000751EF /* Base */ = {isa = PBXFileReference; lastKnownFileType = file.storyboard; name = Base; path = Base.lproj/Main.storyboard; sourceTree = "<group>"; };
		68B0A68F1C947F10000751EF /* Assets.xcassets */ = {isa = PBXFileReference; lastKnownFileType = folder.assetcatalog; path = Assets.xcassets; sourceTree = "<group>"; };
		68B0A6921C947F10000751EF /* Base */ = {isa = PBXFileReference; lastKnownFileType = file.storyboard; name = Base; path = Base.lproj/LaunchScreen.storyboard; sourceTree = "<group>"; };
		68B0A6941C947F10000751EF /* Info.plist */ = {isa = PBXFileReference; lastKnownFileType = text.plist.xml; path = Info.plist; sourceTree = "<group>"; };
		68B0A69A1C947F38000751EF /* PhotosViewController.swift */ = {isa = PBXFileReference; fileEncoding = 4; lastKnownFileType = sourcecode.swift; path = PhotosViewController.swift; sourceTree = "<group>"; };
		68B0A6A21C9485AB000751EF /* FlickrAPI.swift */ = {isa = PBXFileReference; fileEncoding = 4; lastKnownFileType = sourcecode.swift; path = FlickrAPI.swift; sourceTree = "<group>"; };
		68B0A6A41C94A3D7000751EF /* PhotoStore.swift */ = {isa = PBXFileReference; fileEncoding = 4; lastKnownFileType = sourcecode.swift; path = PhotoStore.swift; sourceTree = "<group>"; };
		68B0A6A61C94A7C3000751EF /* Photo.swift */ = {isa = PBXFileReference; fileEncoding = 4; lastKnownFileType = sourcecode.swift; path = Photo.swift; sourceTree = "<group>"; };
		68B0A6A81C952D96000751EF /* PhotoDataSource.swift */ = {isa = PBXFileReference; fileEncoding = 4; lastKnownFileType = sourcecode.swift; path = PhotoDataSource.swift; sourceTree = "<group>"; };
		68B0A6AA1C953A57000751EF /* PhotoCollectionViewCell.swift */ = {isa = PBXFileReference; fileEncoding = 4; lastKnownFileType = sourcecode.swift; path = PhotoCollectionViewCell.swift; sourceTree = "<group>"; };
/* End PBXFileReference section */

/* Begin PBXFrameworksBuildPhase section */
		68B0A6821C947F10000751EF /* Frameworks */ = {
			isa = PBXFrameworksBuildPhase;
			buildActionMask = 2147483647;
			files = (
			);
			runOnlyForDeploymentPostprocessing = 0;
		};
/* End PBXFrameworksBuildPhase section */

/* Begin PBXGroup section */
		68B0A67C1C947F10000751EF = {
			isa = PBXGroup;
			children = (
				68B0A6871C947F10000751EF /* Photorama */,
				68B0A6861C947F10000751EF /* Products */,
			);
			sourceTree = "<group>";
		};
		68B0A6861C947F10000751EF /* Products */ = {
			isa = PBXGroup;
			children = (
				68B0A6851C947F10000751EF /* Photorama.app */,
			);
			name = Products;
			sourceTree = "<group>";
		};
		68B0A6871C947F10000751EF /* Photorama */ = {
			isa = PBXGroup;
			children = (
				68B0A6881C947F10000751EF /* AppDelegate.swift */,
				68B0A68C1C947F10000751EF /* Main.storyboard */,
				68B0A68F1C947F10000751EF /* Assets.xcassets */,
				68B0A6911C947F10000751EF /* LaunchScreen.storyboard */,
				68B0A6941C947F10000751EF /* Info.plist */,
				68B0A69A1C947F38000751EF /* PhotosViewController.swift */,
				68B0A6A21C9485AB000751EF /* FlickrAPI.swift */,
				68B0A6A41C94A3D7000751EF /* PhotoStore.swift */,
				68B0A6A61C94A7C3000751EF /* Photo.swift */,
				68B0A6A81C952D96000751EF /* PhotoDataSource.swift */,
				68B0A6AA1C953A57000751EF /* PhotoCollectionViewCell.swift */,
			);
			path = Photorama;
			sourceTree = "<group>";
		};
/* End PBXGroup section */

/* Begin PBXNativeTarget section */
		68B0A6841C947F10000751EF /* Photorama */ = {
			isa = PBXNativeTarget;
			buildConfigurationList = 68B0A6971C947F10000751EF /* Build configuration list for PBXNativeTarget "Photorama" */;
			buildPhases = (
				68B0A6811C947F10000751EF /* Sources */,
				68B0A6821C947F10000751EF /* Frameworks */,
				68B0A6831C947F10000751EF /* Resources */,
			);
			buildRules = (
			);
			dependencies = (
			);
			name = Photorama;
			productName = Photorama;
			productReference = 68B0A6851C947F10000751EF /* Photorama.app */;
			productType = "com.apple.product-type.application";
		};
/* End PBXNativeTarget section */

/* Begin PBXProject section */
		68B0A67D1C947F10000751EF /* Project object */ = {
			isa = PBXProject;
			attributes = {
				LastSwiftUpdateCheck = 0720;
				LastUpgradeCheck = 0720;
				ORGANIZATIONNAME = Ariunjargal;
				TargetAttributes = {
					68B0A6841C947F10000751EF = {
						CreatedOnToolsVersion = 7.2.1;
						DevelopmentTeam = UDBQ493C9D;
					};
				};
			};
			buildConfigurationList = 68B0A6801C947F10000751EF /* Build configuration list for PBXProject "Photorama" */;
			compatibilityVersion = "Xcode 3.2";
			developmentRegion = English;
			hasScannedForEncodings = 0;
			knownRegions = (
				en,
				Base,
			);
			mainGroup = 68B0A67C1C947F10000751EF;
			productRefGroup = 68B0A6861C947F10000751EF /* Products */;
			projectDirPath = "";
			projectRoot = "";
			targets = (
				68B0A6841C947F10000751EF /* Photorama */,
			);
		};
/* End PBXProject section */

/* Begin PBXResourcesBuildPhase section */
		68B0A6831C947F10000751EF /* Resources */ = {
			isa = PBXResourcesBuildPhase;
			buildActionMask = 2147483647;
			files = (
				68B0A6931C947F10000751EF /* LaunchScreen.storyboard in Resources */,
				68B0A6901C947F10000751EF /* Assets.xcassets in Resources */,
				68B0A68E1C947F10000751EF /* Main.storyboard in Resources */,
			);
			runOnlyForDeploymentPostprocessing = 0;
		};
/* End PBXResourcesBuildPhase section */

/* Begin PBXSourcesBuildPhase section */
		68B0A6811C947F10000751EF /* Sources */ = {
			isa = PBXSourcesBuildPhase;
			buildActionMask = 2147483647;
			files = (
				68B0A6A31C9485AB000751EF /* FlickrAPI.swift in Sources */,
				68B0A6891C947F10000751EF /* AppDelegate.swift in Sources */,
				68B0A6A51C94A3D7000751EF /* PhotoStore.swift in Sources */,
				68B0A6A91C952D96000751EF /* PhotoDataSource.swift in Sources */,
				68B0A6AB1C953A57000751EF /* PhotoCollectionViewCell.swift in Sources */,
				68B0A69B1C947F38000751EF /* PhotosViewController.swift in Sources */,
				68B0A6A71C94A7C3000751EF /* Photo.swift in Sources */,
			);
			runOnlyForDeploymentPostprocessing = 0;
		};
/* End PBXSourcesBuildPhase section */

/* Begin PBXVariantGroup section */
		68B0A68C1C947F10000751EF /* Main.storyboard */ = {
			isa = PBXVariantGroup;
			children = (
				68B0A68D1C947F10000751EF /* Base */,
			);
			name = Main.storyboard;
			sourceTree = "<group>";
		};
		68B0A6911C947F10000751EF /* LaunchScreen.storyboard */ = {
			isa = PBXVariantGroup;
			children = (
				68B0A6921C947F10000751EF /* Base */,
			);
			name = LaunchScreen.storyboard;
			sourceTree = "<group>";
		};
/* End PBXVariantGroup section */

/* Begin XCBuildConfiguration section */
		68B0A6951C947F10000751EF /* Debug */ = {
			isa = XCBuildConfiguration;
			buildSettings = {
				ALWAYS_SEARCH_USER_PATHS = NO;
				CLANG_CXX_LANGUAGE_STANDARD = "gnu++0x";
				CLANG_CXX_LIBRARY = "libc++";
				CLANG_ENABLE_MODULES = YES;
				CLANG_ENABLE_OBJC_ARC = YES;
				CLANG_WARN_BOOL_CONVERSION = YES;
				CLANG_WARN_CONSTANT_CONVERSION = YES;
				CLANG_WARN_DIRECT_OBJC_ISA_USAGE = YES_ERROR;
				CLANG_WARN_EMPTY_BODY = YES;
				CLANG_WARN_ENUM_CONVERSION = YES;
				CLANG_WARN_INT_CONVERSION = YES;
				CLANG_WARN_OBJC_ROOT_CLASS = YES_ERROR;
				CLANG_WARN_UNREACHABLE_CODE = YES;
				CLANG_WARN__DUPLICATE_METHOD_MATCH = YES;
				"CODE_SIGN_IDENTITY[sdk=iphoneos*]" = "iPhone Developer";
				COPY_PHASE_STRIP = NO;
				DEBUG_INFORMATION_FORMAT = dwarf;
				ENABLE_STRICT_OBJC_MSGSEND = YES;
				ENABLE_TESTABILITY = YES;
				GCC_C_LANGUAGE_STANDARD = gnu99;
				GCC_DYNAMIC_NO_PIC = NO;
				GCC_NO_COMMON_BLOCKS = YES;
				GCC_OPTIMIZATION_LEVEL = 0;
				GCC_PREPROCESSOR_DEFINITIONS = (
					"DEBUG=1",
					"$(inherited)",
				);
				GCC_WARN_64_TO_32_BIT_CONVERSION = YES;
				GCC_WARN_ABOUT_RETURN_TYPE = YES_ERROR;
				GCC_WARN_UNDECLARED_SELECTOR = YES;
				GCC_WARN_UNINITIALIZED_AUTOS = YES_AGGRESSIVE;
				GCC_WARN_UNUSED_FUNCTION = YES;
				GCC_WARN_UNUSED_VARIABLE = YES;
				IPHONEOS_DEPLOYMENT_TARGET = 9.2;
				MTL_ENABLE_DEBUG_INFO = YES;
				ONLY_ACTIVE_ARCH = YES;
				SDKROOT = iphoneos;
				SWIFT_OPTIMIZATION_LEVEL = "-Onone";
			};
			name = Debug;
		};
		68B0A6961C947F10000751EF /* Release */ = {
			isa = XCBuildConfiguration;
			buildSettings = {
				ALWAYS_SEARCH_USER_PATHS = NO;
				CLANG_CXX_LANGUAGE_STANDARD = "gnu++0x";
				CLANG_CXX_LIBRARY = "libc++";
				CLANG_ENABLE_MODULES = YES;
				CLANG_ENABLE_OBJC_ARC = YES;
				CLANG_WARN_BOOL_CONVERSION = YES;
				CLANG_WARN_CONSTANT_CONVERSION = YES;
				CLANG_WARN_DIRECT_OBJC_ISA_USAGE = YES_ERROR;
				CLANG_WARN_EMPTY_BODY = YES;
				CLANG_WARN_ENUM_CONVERSION = YES;
				CLANG_WARN_INT_CONVERSION = YES;
				CLANG_WARN_OBJC_ROOT_CLASS = YES_ERROR;
				CLANG_WARN_UNREACHABLE_CODE = YES;
				CLANG_WARN__DUPLICATE_METHOD_MATCH = YES;
				"CODE_SIGN_IDENTITY[sdk=iphoneos*]" = "iPhone Developer";
				COPY_PHASE_STRIP = NO;
				DEBUG_INFORMATION_FORMAT = "dwarf-with-dsym";
				ENABLE_NS_ASSERTIONS = NO;
				ENABLE_STRICT_OBJC_MSGSEND = YES;
				GCC_C_LANGUAGE_STANDARD = gnu99;
				GCC_NO_COMMON_BLOCKS = YES;
				GCC_WARN_64_TO_32_BIT_CONVERSION = YES;
				GCC_WARN_ABOUT_RETURN_TYPE = YES_ERROR;
				GCC_WARN_UNDECLARED_SELECTOR = YES;
				GCC_WARN_UNINITIALIZED_AUTOS = YES_AGGRESSIVE;
				GCC_WARN_UNUSED_FUNCTION = YES;
				GCC_WARN_UNUSED_VARIABLE = YES;
				IPHONEOS_DEPLOYMENT_TARGET = 9.2;
				MTL_ENABLE_DEBUG_INFO = NO;
				SDKROOT = iphoneos;
				VALIDATE_PRODUCT = YES;
			};
			name = Release;
		};
		68B0A6981C947F10000751EF /* Debug */ = {
			isa = XCBuildConfiguration;
			buildSettings = {
				ASSETCATALOG_COMPILER_APPICON_NAME = AppIcon;
				INFOPLIST_FILE = Photorama/Info.plist;
				LD_RUNPATH_SEARCH_PATHS = "$(inherited) @executable_path/Frameworks";
				PRODUCT_BUNDLE_IDENTIFIER = com.ariunjargal.Photorama;
				PRODUCT_NAME = "$(TARGET_NAME)";
			};
			name = Debug;
		};
		68B0A6991C947F10000751EF /* Release */ = {
			isa = XCBuildConfiguration;
			buildSettings = {
				ASSETCATALOG_COMPILER_APPICON_NAME = AppIcon;
				INFOPLIST_FILE = Photorama/Info.plist;
				LD_RUNPATH_SEARCH_PATHS = "$(inherited) @executable_path/Frameworks";
				PRODUCT_BUNDLE_IDENTIFIER = com.ariunjargal.Photorama;
				PRODUCT_NAME = "$(TARGET_NAME)";
			};
			name = Release;
		};
/* End XCBuildConfiguration section */

/* Begin XCConfigurationList section */
		68B0A6801C947F10000751EF /* Build configuration list for PBXProject "Photorama" */ = {
			isa = XCConfigurationList;
			buildConfigurations = (
				68B0A6951C947F10000751EF /* Debug */,
				68B0A6961C947F10000751EF /* Release */,
			);
			defaultConfigurationIsVisible = 0;
			defaultConfigurationName = Release;
		};
		68B0A6971C947F10000751EF /* Build configuration list for PBXNativeTarget "Photorama" */ = {
			isa = XCConfigurationList;
			buildConfigurations = (
				68B0A6981C947F10000751EF /* Debug */,
				68B0A6991C947F10000751EF /* Release */,
			);
			defaultConfigurationIsVisible = 0;
		};
/* End XCConfigurationList section */
	};
	rootObject = 68B0A67D1C947F10000751EF /* Project object */;
}
